
Microsoft Visual Studio Solution File, Format Version 12.00
# Visual Studio Version 17
VisualStudioVersion = 17.4.33213.308
MinimumVisualStudioVersion = 10.0.40219.1
Project("{FAE04EC0-301F-11D3-BF4B-00C04F79EFBC}") = "BaicizhanAutoGUI", "BaicizhanAutoGUI\BaicizhanAutoGUI.csproj", "{5CC76087-1F84-4492-B50D-92BB6E3976ED}"
EndProject
Project("{FAE04EC0-301F-11D3-BF4B-00C04F79EFBC}") = "BaicizhanAuto", "BaicizhanAuto\BaicizhanAuto.csproj", "{24107CA9-82D6-40AB-B223-EABE1546D40F}"
EndProject
Project("{FAE04EC0-301F-11D3-BF4B-00C04F79EFBC}") = "OcrLiteLib", "OcrLiteLib\OcrLiteLib.csproj", "{920EB679-4F64-44EC-B587-253855D1907A}"
EndProject
Global
	GlobalSection(SolutionConfigurationPlatforms) = preSolution
		Debug|Any CPU = Debug|Any CPU
		Release|Any CPU = Release|Any CPU
	EndGlobalSection
	GlobalSection(ProjectConfigurationPlatforms) = postSolution
		{5CC76087-1F84-4492-B50D-92BB6E3976ED}.Debug|Any CPU.ActiveCfg = Debug|Any CPU
		{5CC76087-1F84-4492-B50D-92BB6E3976ED}.Debug|Any CPU.Build.0 = Debug|Any CPU
		{5CC76087-1F84-4492-B50D-92BB6E3976ED}.Release|Any CPU.ActiveCfg = Release|Any CPU
		{5CC76087-1F84-4492-B50D-92BB6E3976ED}.Release|Any CPU.Build.0 = Release|Any CPU
		{24107CA9-82D6-40AB-B223-EABE1546D40F}.Debug|Any CPU.ActiveCfg = Debug|Any CPU
		{24107CA9-82D6-40AB-B223-EABE1546D40F}.Debug|Any CPU.Build.0 = Debug|Any CPU
		{24107CA9-82D6-40AB-B223-EABE1546D40F}.Release|Any CPU.ActiveCfg = Release|Any CPU
		{24107CA9-82D6-40AB-B223-EABE1546D40F}.Release|Any CPU.Build.0 = Release|Any CPU
		{920EB679-4F64-44EC-B587-253855D1907A}.Debug|Any CPU.ActiveCfg = Debug|Any CPU
		{920EB679-4F64-44EC-B587-253855D1907A}.Debug|Any CPU.Build.0 = Debug|Any CPU
		{920EB679-4F64-44EC-B587-253855D1907A}.Release|Any CPU.ActiveCfg = Release|Any CPU
		{920EB679-4F64-44EC-B587-253855D1907A}.Release|Any CPU.Build.0 = Release|Any CPU
	EndGlobalSection
	GlobalSection(SolutionProperties) = preSolution
		HideSolutionNode = FALSE
	EndGlobalSection
	GlobalSection(ExtensibilityGlobals) = postSolution
		SolutionGuid = {2F97B15E-DC8D-40D8-932C-1FBDF2915558}
	EndGlobalSection
EndGlobal
